
Microsoft Visual Studio Solution File, Format Version 12.00
# Visual Studio Version 17
VisualStudioVersion = 17.2.32526.322
MinimumVisualStudioVersion = 10.0.40219.1
Project("{FAE04EC0-301F-11D3-BF4B-00C04F79EFBC}") = "CompasPack", "CompasPack\CompasPack.csproj", "{3B0B6FB9-C0F1-45BB-A139-4D499911967B}"
EndProject
Project("{FAE04EC0-301F-11D3-BF4B-00C04F79EFBC}") = "LogInstall", "LogInstall\LogInstall.csproj", "{BF7FEE1A-2625-40BB-8C40-1466E32CDE72}"
EndProject
Global
	GlobalSection(SolutionConfigurationPlatforms) = preSolution
		Debug|Any CPU = Debug|Any CPU
		Release|Any CPU = Release|Any CPU
	EndGlobalSection
	GlobalSection(ProjectConfigurationPlatforms) = postSolution
		{3B0B6FB9-C0F1-45BB-A139-4D499911967B}.Debug|Any CPU.ActiveCfg = Debug|Any CPU
		{3B0B6FB9-C0F1-45BB-A139-4D499911967B}.Debug|Any CPU.Build.0 = Debug|Any CPU
		{3B0B6FB9-C0F1-45BB-A139-4D499911967B}.Release|Any CPU.ActiveCfg = Release|Any CPU
		{3B0B6FB9-C0F1-45BB-A139-4D499911967B}.Release|Any CPU.Build.0 = Release|Any CPU
		{BF7FEE1A-2625-40BB-8C40-1466E32CDE72}.Debug|Any CPU.ActiveCfg = Debug|Any CPU
		{BF7FEE1A-2625-40BB-8C40-1466E32CDE72}.Debug|Any CPU.Build.0 = Debug|Any CPU
		{BF7FEE1A-2625-40BB-8C40-1466E32CDE72}.Release|Any CPU.ActiveCfg = Release|Any CPU
		{BF7FEE1A-2625-40BB-8C40-1466E32CDE72}.Release|Any CPU.Build.0 = Release|Any CPU
	EndGlobalSection
	GlobalSection(SolutionProperties) = preSolution
		HideSolutionNode = FALSE
	EndGlobalSection
	GlobalSection(ExtensibilityGlobals) = postSolution
		SolutionGuid = {9550C49A-182C-488E-8208-005A43216AC3}
	EndGlobalSection
EndGlobal
